
Microsoft Visual Studio Solution File, Format Version 12.00
# Visual Studio 15
VisualStudioVersion = 15.0.26430.16
MinimumVisualStudioVersion = 10.0.40219.1
Project("{9A19103F-16F7-4668-BE54-9A1E7A4F7556}") = "CreateAR.Commons.Unity.Async", "CreateAR.Commons.Unity.Async\CreateAR.Commons.Unity.Async.csproj", "{9490A91F-AED0-467E-A40E-D73E861DBB1C}"
EndProject
Project("{9A19103F-16F7-4668-BE54-9A1E7A4F7556}") = "CreateAR.Commons.Unity.Async.Test", "CreateAR.Commons.Unity.Async.Test\CreateAR.Commons.Unity.Async.Test.csproj", "{3616C19B-CA4D-4E40-8A37-666B08F84DDD}"
EndProject
Global
	GlobalSection(SolutionConfigurationPlatforms) = preSolution
		Debug|Any CPU = Debug|Any CPU
		Release|Any CPU = Release|Any CPU
	EndGlobalSection
	GlobalSection(ProjectConfigurationPlatforms) = postSolution
		{9490A91F-AED0-467E-A40E-D73E861DBB1C}.Debug|Any CPU.ActiveCfg = Debug|Any CPU
		{9490A91F-AED0-467E-A40E-D73E861DBB1C}.Debug|Any CPU.Build.0 = Debug|Any CPU
		{9490A91F-AED0-467E-A40E-D73E861DBB1C}.Release|Any CPU.ActiveCfg = Release|Any CPU
		{9490A91F-AED0-467E-A40E-D73E861DBB1C}.Release|Any CPU.Build.0 = Release|Any CPU
		{3616C19B-CA4D-4E40-8A37-666B08F84DDD}.Debug|Any CPU.ActiveCfg = Debug|Any CPU
		{3616C19B-CA4D-4E40-8A37-666B08F84DDD}.Debug|Any CPU.Build.0 = Debug|Any CPU
		{3616C19B-CA4D-4E40-8A37-666B08F84DDD}.Release|Any CPU.ActiveCfg = Release|Any CPU
		{3616C19B-CA4D-4E40-8A37-666B08F84DDD}.Release|Any CPU.Build.0 = Release|Any CPU
	EndGlobalSection
	GlobalSection(SolutionProperties) = preSolution
		HideSolutionNode = FALSE
	EndGlobalSection
EndGlobal
